
Microsoft Visual Studio Solution File, Format Version 12.00
# Visual Studio Version 16
VisualStudioVersion = 16.0.33328.57
MinimumVisualStudioVersion = 10.0.40219.1
Project("{FAE04EC0-301F-11D3-BF4B-00C04F79EFBC}") = "Lists", "Lists.csproj", "{A633CDFE-E1AD-4649-A7F6-21576FB56305}"
EndProject
Global
	GlobalSection(SolutionConfigurationPlatforms) = preSolution
		Debug|Any CPU = Debug|Any CPU
		Release|Any CPU = Release|Any CPU
	EndGlobalSection
	GlobalSection(ProjectConfigurationPlatforms) = postSolution
		{A633CDFE-E1AD-4649-A7F6-21576FB56305}.Debug|Any CPU.ActiveCfg = Debug|Any CPU
		{A633CDFE-E1AD-4649-A7F6-21576FB56305}.Debug|Any CPU.Build.0 = Debug|Any CPU
		{A633CDFE-E1AD-4649-A7F6-21576FB56305}.Release|Any CPU.ActiveCfg = Release|Any CPU
		{A633CDFE-E1AD-4649-A7F6-21576FB56305}.Release|Any CPU.Build.0 = Release|Any CPU
	EndGlobalSection
	GlobalSection(SolutionProperties) = preSolution
		HideSolutionNode = FALSE
	EndGlobalSection
	GlobalSection(ExtensibilityGlobals) = postSolution
		SolutionGuid = {1E43F2AE-BF13-4529-87D2-6F703C8795DD}
	EndGlobalSection
EndGlobal
